// !$*UTF8*$!
{
	archiveVersion = 1;
	classes = {
	};
	objectVersion = 55;
	objects = {

/* Begin PBXBuildFile section */
		31821A12275B0E6000F85B97 /* insertion.cpp in Sources */ = {isa = PBXBuildFile; fileRef = 31821A10275B0E6000F85B97 /* insertion.cpp */; };
		31821A1B275B117E00F85B97 /* verifyarray.cpp in Sources */ = {isa = PBXBuildFile; fileRef = 31821A13275B117E00F85B97 /* verifyarray.cpp */; };
		31821A1C275B117E00F85B97 /* readin.cpp in Sources */ = {isa = PBXBuildFile; fileRef = 31821A16275B117E00F85B97 /* readin.cpp */; };
		31821A1D275B117E00F85B97 /* arrayout.cpp in Sources */ = {isa = PBXBuildFile; fileRef = 31821A17275B117E00F85B97 /* arrayout.cpp */; };
		31821A1E275B117E00F85B97 /* writeout.cpp in Sources */ = {isa = PBXBuildFile; fileRef = 31821A18275B117E00F85B97 /* writeout.cpp */; };
		31C70634275B06EB00F3286A /* main.cpp in Sources */ = {isa = PBXBuildFile; fileRef = 31C70633275B06EB00F3286A /* main.cpp */; };
/* End PBXBuildFile section */

/* Begin PBXCopyFilesBuildPhase section */
		31C7062E275B06EB00F3286A /* CopyFiles */ = {
			isa = PBXCopyFilesBuildPhase;
			buildActionMask = 2147483647;
			dstPath = /usr/share/man/man1/;
			dstSubfolderSpec = 0;
			files = (
			);
			runOnlyForDeploymentPostprocessing = 1;
		};
/* End PBXCopyFilesBuildPhase section */

/* Begin PBXFileReference section */
		31821A10275B0E6000F85B97 /* insertion.cpp */ = {isa = PBXFileReference; lastKnownFileType = sourcecode.cpp.cpp; name = insertion.cpp; path = ../../algoritnms/insertion.cpp; sourceTree = "<group>"; };
		31821A11275B0E6000F85B97 /* insertion.hpp */ = {isa = PBXFileReference; lastKnownFileType = sourcecode.cpp.h; name = insertion.hpp; path = ../../algoritnms/insertion.hpp; sourceTree = "<group>"; };
		31821A13275B117E00F85B97 /* verifyarray.cpp */ = {isa = PBXFileReference; fileEncoding = 4; lastKnownFileType = sourcecode.cpp.cpp; path = verifyarray.cpp; sourceTree = "<group>"; };
		31821A14275B117E00F85B97 /* arrayout.hpp */ = {isa = PBXFileReference; fileEncoding = 4; lastKnownFileType = sourcecode.cpp.h; path = arrayout.hpp; sourceTree = "<group>"; };
		31821A15275B117E00F85B97 /* verifyarray.hpp */ = {isa = PBXFileReference; fileEncoding = 4; lastKnownFileType = sourcecode.cpp.h; path = verifyarray.hpp; sourceTree = "<group>"; };
		31821A16275B117E00F85B97 /* readin.cpp */ = {isa = PBXFileReference; fileEncoding = 4; lastKnownFileType = sourcecode.cpp.cpp; path = readin.cpp; sourceTree = "<group>"; };
		31821A17275B117E00F85B97 /* arrayout.cpp */ = {isa = PBXFileReference; fileEncoding = 4; lastKnownFileType = sourcecode.cpp.cpp; path = arrayout.cpp; sourceTree = "<group>"; };
		31821A18275B117E00F85B97 /* writeout.cpp */ = {isa = PBXFileReference; fileEncoding = 4; lastKnownFileType = sourcecode.cpp.cpp; path = writeout.cpp; sourceTree = "<group>"; };
		31821A19275B117E00F85B97 /* readin.hpp */ = {isa = PBXFileReference; fileEncoding = 4; lastKnownFileType = sourcecode.cpp.h; path = readin.hpp; sourceTree = "<group>"; };
		31821A1A275B117E00F85B97 /* writeout.hpp */ = {isa = PBXFileReference; fileEncoding = 4; lastKnownFileType = sourcecode.cpp.h; path = writeout.hpp; sourceTree = "<group>"; };
		31C70630275B06EB00F3286A /* driver */ = {isa = PBXFileReference; explicitFileType = "compiled.mach-o.executable"; includeInIndex = 0; path = driver; sourceTree = BUILT_PRODUCTS_DIR; };
		31C70633275B06EB00F3286A /* main.cpp */ = {isa = PBXFileReference; lastKnownFileType = sourcecode.cpp.cpp; path = main.cpp; sourceTree = "<group>"; };
/* End PBXFileReference section */

/* Begin PBXFrameworksBuildPhase section */
		31C7062D275B06EB00F3286A /* Frameworks */ = {
			isa = PBXFrameworksBuildPhase;
			buildActionMask = 2147483647;
			files = (
			);
			runOnlyForDeploymentPostprocessing = 0;
		};
/* End PBXFrameworksBuildPhase section */

/* Begin PBXGroup section */
		31C70627275B06EB00F3286A = {
			isa = PBXGroup;
			children = (
				31C70632275B06EB00F3286A /* driver */,
				31C70631275B06EB00F3286A /* Products */,
			);
			sourceTree = "<group>";
		};
		31C70631275B06EB00F3286A /* Products */ = {
			isa = PBXGroup;
			children = (
				31C70630275B06EB00F3286A /* driver */,
			);
			name = Products;
			sourceTree = "<group>";
		};
		31C70632275B06EB00F3286A /* driver */ = {
			isa = PBXGroup;
			children = (
				31821A17275B117E00F85B97 /* arrayout.cpp */,
				31821A14275B117E00F85B97 /* arrayout.hpp */,
				31821A16275B117E00F85B97 /* readin.cpp */,
				31821A19275B117E00F85B97 /* readin.hpp */,
				31821A13275B117E00F85B97 /* verifyarray.cpp */,
				31821A15275B117E00F85B97 /* verifyarray.hpp */,
				31821A18275B117E00F85B97 /* writeout.cpp */,
				31821A1A275B117E00F85B97 /* writeout.hpp */,
				31C70633275B06EB00F3286A /* main.cpp */,
				31821A10275B0E6000F85B97 /* insertion.cpp */,
				31821A11275B0E6000F85B97 /* insertion.hpp */,
			);
			path = driver;
			sourceTree = "<group>";
		};
/* End PBXGroup section */

/* Begin PBXNativeTarget section */
		31C7062F275B06EB00F3286A /* driver */ = {
			isa = PBXNativeTarget;
			buildConfigurationList = 31C70637275B06EB00F3286A /* Build configuration list for PBXNativeTarget "driver" */;
			buildPhases = (
				31C7062C275B06EB00F3286A /* Sources */,
				31C7062D275B06EB00F3286A /* Frameworks */,
				31C7062E275B06EB00F3286A /* CopyFiles */,
			);
			buildRules = (
			);
			dependencies = (
			);
			name = driver;
			productName = driver;
			productReference = 31C70630275B06EB00F3286A /* driver */;
			productType = "com.apple.product-type.tool";
		};
/* End PBXNativeTarget section */

/* Begin PBXProject section */
		31C70628275B06EB00F3286A /* Project object */ = {
			isa = PBXProject;
			attributes = {
				BuildIndependentTargetsInParallel = 1;
				LastUpgradeCheck = 1300;
				TargetAttributes = {
					31C7062F275B06EB00F3286A = {
						CreatedOnToolsVersion = 13.0;
					};
				};
			};
			buildConfigurationList = 31C7062B275B06EB00F3286A /* Build configuration list for PBXProject "driver" */;
			compatibilityVersion = "Xcode 13.0";
			developmentRegion = en;
			hasScannedForEncodings = 0;
			knownRegions = (
				en,
				Base,
			);
			mainGroup = 31C70627275B06EB00F3286A;
			productRefGroup = 31C70631275B06EB00F3286A /* Products */;
			projectDirPath = "";
			projectRoot = "";
			targets = (
				31C7062F275B06EB00F3286A /* driver */,
			);
		};
/* End PBXProject section */

/* Begin PBXSourcesBuildPhase section */
		31C7062C275B06EB00F3286A /* Sources */ = {
			isa = PBXSourcesBuildPhase;
			buildActionMask = 2147483647;
			files = (
				31821A1B275B117E00F85B97 /* verifyarray.cpp in Sources */,
				31821A1D275B117E00F85B97 /* arrayout.cpp in Sources */,
				31C70634275B06EB00F3286A /* main.cpp in Sources */,
				31821A1C275B117E00F85B97 /* readin.cpp in Sources */,
				31821A1E275B117E00F85B97 /* writeout.cpp in Sources */,
				31821A12275B0E6000F85B97 /* insertion.cpp in Sources */,
			);
			runOnlyForDeploymentPostprocessing = 0;
		};
/* End PBXSourcesBuildPhase section */

/* Begin XCBuildConfiguration section */
		31C70635275B06EB00F3286A /* Debug */ = {
			isa = XCBuildConfiguration;
			buildSettings = {
				ALWAYS_SEARCH_USER_PATHS = NO;
				CLANG_ANALYZER_NONNULL = YES;
				CLANG_ANALYZER_NUMBER_OBJECT_CONVERSION = YES_AGGRESSIVE;
				CLANG_CXX_LANGUAGE_STANDARD = "gnu++17";
				CLANG_CXX_LIBRARY = "libc++";
				CLANG_ENABLE_MODULES = YES;
				CLANG_ENABLE_OBJC_ARC = YES;
				CLANG_ENABLE_OBJC_WEAK = YES;
				CLANG_WARN_BLOCK_CAPTURE_AUTORELEASING = YES;
				CLANG_WARN_BOOL_CONVERSION = YES;
				CLANG_WARN_COMMA = YES;
				CLANG_WARN_CONSTANT_CONVERSION = YES;
				CLANG_WARN_DEPRECATED_OBJC_IMPLEMENTATIONS = YES;
				CLANG_WARN_DIRECT_OBJC_ISA_USAGE = YES_ERROR;
				CLANG_WARN_DOCUMENTATION_COMMENTS = YES;
				CLANG_WARN_EMPTY_BODY = YES;
				CLANG_WARN_ENUM_CONVERSION = YES;
				CLANG_WARN_INFINITE_RECURSION = YES;
				CLANG_WARN_INT_CONVERSION = YES;
				CLANG_WARN_NON_LITERAL_NULL_CONVERSION = YES;
				CLANG_WARN_OBJC_IMPLICIT_RETAIN_SELF = YES;
				CLANG_WARN_OBJC_LITERAL_CONVERSION = YES;
				CLANG_WARN_OBJC_ROOT_CLASS = YES_ERROR;
				CLANG_WARN_QUOTED_INCLUDE_IN_FRAMEWORK_HEADER = YES;
				CLANG_WARN_RANGE_LOOP_ANALYSIS = YES;
				CLANG_WARN_STRICT_PROTOTYPES = YES;
				CLANG_WARN_SUSPICIOUS_MOVE = YES;
				CLANG_WARN_UNGUARDED_AVAILABILITY = YES_AGGRESSIVE;
				CLANG_WARN_UNREACHABLE_CODE = YES;
				CLANG_WARN__DUPLICATE_METHOD_MATCH = YES;
				COPY_PHASE_STRIP = NO;
				DEBUG_INFORMATION_FORMAT = dwarf;
				ENABLE_STRICT_OBJC_MSGSEND = YES;
				ENABLE_TESTABILITY = YES;
				GCC_C_LANGUAGE_STANDARD = gnu11;
				GCC_DYNAMIC_NO_PIC = NO;
				GCC_NO_COMMON_BLOCKS = YES;
				GCC_OPTIMIZATION_LEVEL = 0;
				GCC_PREPROCESSOR_DEFINITIONS = (
					"DEBUG=1",
					"$(inherited)",
				);
				GCC_WARN_64_TO_32_BIT_CONVERSION = YES;
				GCC_WARN_ABOUT_RETURN_TYPE = YES_ERROR;
				GCC_WARN_UNDECLARED_SELECTOR = YES;
				GCC_WARN_UNINITIALIZED_AUTOS = YES_AGGRESSIVE;
				GCC_WARN_UNUSED_FUNCTION = YES;
				GCC_WARN_UNUSED_VARIABLE = YES;
				MACOSX_DEPLOYMENT_TARGET = 12.0;
				MTL_ENABLE_DEBUG_INFO = INCLUDE_SOURCE;
				MTL_FAST_MATH = YES;
				ONLY_ACTIVE_ARCH = YES;
				SDKROOT = macosx;
				USER_HEADER_SEARCH_PATHS = (
					"/Users/prh/Keepers/code/cpp/sorts/algorithms/**",
					"/Users/prh/Keepers/code/cpp/sorts/headers/**",
				);
			};
			name = Debug;
		};
		31C70636275B06EB00F3286A /* Release */ = {
			isa = XCBuildConfiguration;
			buildSettings = {
				ALWAYS_SEARCH_USER_PATHS = NO;
				CLANG_ANALYZER_NONNULL = YES;
				CLANG_ANALYZER_NUMBER_OBJECT_CONVERSION = YES_AGGRESSIVE;
				CLANG_CXX_LANGUAGE_STANDARD = "gnu++17";
				CLANG_CXX_LIBRARY = "libc++";
				CLANG_ENABLE_MODULES = YES;
				CLANG_ENABLE_OBJC_ARC = YES;
				CLANG_ENABLE_OBJC_WEAK = YES;
				CLANG_WARN_BLOCK_CAPTURE_AUTORELEASING = YES;
				CLANG_WARN_BOOL_CONVERSION = YES;
				CLANG_WARN_COMMA = YES;
				CLANG_WARN_CONSTANT_CONVERSION = YES;
				CLANG_WARN_DEPRECATED_OBJC_IMPLEMENTATIONS = YES;
				CLANG_WARN_DIRECT_OBJC_ISA_USAGE = YES_ERROR;
				CLANG_WARN_DOCUMENTATION_COMMENTS = YES;
				CLANG_WARN_EMPTY_BODY = YES;
				CLANG_WARN_ENUM_CONVERSION = YES;
				CLANG_WARN_INFINITE_RECURSION = YES;
				CLANG_WARN_INT_CONVERSION = YES;
				CLANG_WARN_NON_LITERAL_NULL_CONVERSION = YES;
				CLANG_WARN_OBJC_IMPLICIT_RETAIN_SELF = YES;
				CLANG_WARN_OBJC_LITERAL_CONVERSION = YES;
				CLANG_WARN_OBJC_ROOT_CLASS = YES_ERROR;
				CLANG_WARN_QUOTED_INCLUDE_IN_FRAMEWORK_HEADER = YES;
				CLANG_WARN_RANGE_LOOP_ANALYSIS = YES;
				CLANG_WARN_STRICT_PROTOTYPES = YES;
				CLANG_WARN_SUSPICIOUS_MOVE = YES;
				CLANG_WARN_UNGUARDED_AVAILABILITY = YES_AGGRESSIVE;
				CLANG_WARN_UNREACHABLE_CODE = YES;
				CLANG_WARN__DUPLICATE_METHOD_MATCH = YES;
				COPY_PHASE_STRIP = NO;
				DEBUG_INFORMATION_FORMAT = "dwarf-with-dsym";
				ENABLE_NS_ASSERTIONS = NO;
				ENABLE_STRICT_OBJC_MSGSEND = YES;
				GCC_C_LANGUAGE_STANDARD = gnu11;
				GCC_NO_COMMON_BLOCKS = YES;
				GCC_WARN_64_TO_32_BIT_CONVERSION = YES;
				GCC_WARN_ABOUT_RETURN_TYPE = YES_ERROR;
				GCC_WARN_UNDECLARED_SELECTOR = YES;
				GCC_WARN_UNINITIALIZED_AUTOS = YES_AGGRESSIVE;
				GCC_WARN_UNUSED_FUNCTION = YES;
				GCC_WARN_UNUSED_VARIABLE = YES;
				MACOSX_DEPLOYMENT_TARGET = 12.0;
				MTL_ENABLE_DEBUG_INFO = NO;
				MTL_FAST_MATH = YES;
				SDKROOT = macosx;
				USER_HEADER_SEARCH_PATHS = (
					"/Users/prh/Keepers/code/cpp/sorts/algorithms/**",
					"/Users/prh/Keepers/code/cpp/sorts/headers/**",
				);
			};
			name = Release;
		};
		31C70638275B06EB00F3286A /* Debug */ = {
			isa = XCBuildConfiguration;
			buildSettings = {
				CODE_SIGN_STYLE = Automatic;
				DEVELOPMENT_TEAM = SD648P3Y6K;
				ENABLE_HARDENED_RUNTIME = YES;
				PRODUCT_NAME = "$(TARGET_NAME)";
			};
			name = Debug;
		};
		31C70639275B06EB00F3286A /* Release */ = {
			isa = XCBuildConfiguration;
			buildSettings = {
				CODE_SIGN_STYLE = Automatic;
				DEVELOPMENT_TEAM = SD648P3Y6K;
				ENABLE_HARDENED_RUNTIME = YES;
				PRODUCT_NAME = "$(TARGET_NAME)";
			};
			name = Release;
		};
/* End XCBuildConfiguration section */

/* Begin XCConfigurationList section */
		31C7062B275B06EB00F3286A /* Build configuration list for PBXProject "driver" */ = {
			isa = XCConfigurationList;
			buildConfigurations = (
				31C70635275B06EB00F3286A /* Debug */,
				31C70636275B06EB00F3286A /* Release */,
			);
			defaultConfigurationIsVisible = 0;
			defaultConfigurationName = Release;
		};
		31C70637275B06EB00F3286A /* Build configuration list for PBXNativeTarget "driver" */ = {
			isa = XCConfigurationList;
			buildConfigurations = (
				31C70638275B06EB00F3286A /* Debug */,
				31C70639275B06EB00F3286A /* Release */,
			);
			defaultConfigurationIsVisible = 0;
			defaultConfigurationName = Release;
		};
/* End XCConfigurationList section */
	};
	rootObject = 31C70628275B06EB00F3286A /* Project object */;
}
