// !$*UTF8*$!
{
	archiveVersion = 1;
	classes = {
	};
	objectVersion = 55;
	objects = {

/* Begin PBXBuildFile section */
		31539B50275F7DE200CED899 /* heap.cpp in Sources */ = {isa = PBXBuildFile; fileRef = 31539B4E275F7DE200CED899 /* heap.cpp */; };
		315AB89C27656A0300BE3038 /* stl.cpp in Sources */ = {isa = PBXBuildFile; fileRef = 315AB89A27656A0300BE3038 /* stl.cpp */; };
		316DCEBF275ECDE000F667D0 /* selection.cpp in Sources */ = {isa = PBXBuildFile; fileRef = 316DCEBD275ECDE000F667D0 /* selection.cpp */; };
		31821A12275B0E6000F85B97 /* insertion.cpp in Sources */ = {isa = PBXBuildFile; fileRef = 31821A10275B0E6000F85B97 /* insertion.cpp */; };
		31821A1B275B117E00F85B97 /* verifyarray.cpp in Sources */ = {isa = PBXBuildFile; fileRef = 31821A13275B117E00F85B97 /* verifyarray.cpp */; };
		31821A1D275B117E00F85B97 /* arrayout.cpp in Sources */ = {isa = PBXBuildFile; fileRef = 31821A17275B117E00F85B97 /* arrayout.cpp */; };
		31821A1E275B117E00F85B97 /* writeout.cpp in Sources */ = {isa = PBXBuildFile; fileRef = 31821A18275B117E00F85B97 /* writeout.cpp */; };
		31A4E65E275BE9C9005F9792 /* shell.cpp in Sources */ = {isa = PBXBuildFile; fileRef = 31A4E65C275BE9C9005F9792 /* shell.cpp */; };
		31B01A45275C7F1800C8E694 /* quick.cpp in Sources */ = {isa = PBXBuildFile; fileRef = 31B01A43275C7F1800C8E694 /* quick.cpp */; };
		31B570A7275ED4C500BA91FC /* bubble.cpp in Sources */ = {isa = PBXBuildFile; fileRef = 31B570A5275ED4C500BA91FC /* bubble.cpp */; };
		31B570AD275EE38A00BA91FC /* merge.cpp in Sources */ = {isa = PBXBuildFile; fileRef = 31B570AC275EE38A00BA91FC /* merge.cpp */; };
		31C70634275B06EB00F3286A /* driver.cpp in Sources */ = {isa = PBXBuildFile; fileRef = 31C70633275B06EB00F3286A /* driver.cpp */; };
		31D57545276196D80021A4FF /* formattime.cpp in Sources */ = {isa = PBXBuildFile; fileRef = 31D57543276196D80021A4FF /* formattime.cpp */; };
		31EBB605276AEB8A0040B0EB /* radixc.cpp in Sources */ = {isa = PBXBuildFile; fileRef = 31EBB603276AEB8A0040B0EB /* radixc.cpp */; };
		31FB8F042768C09400FA8E2E /* radixsort.cpp in Sources */ = {isa = PBXBuildFile; fileRef = 31FB8F022768C09400FA8E2E /* radixsort.cpp */; };
/* End PBXBuildFile section */

/* Begin PBXCopyFilesBuildPhase section */
		31C7062E275B06EB00F3286A /* CopyFiles */ = {
			isa = PBXCopyFilesBuildPhase;
			buildActionMask = 2147483647;
			dstPath = /usr/share/man/man1/;
			dstSubfolderSpec = 0;
			files = (
			);
			runOnlyForDeploymentPostprocessing = 1;
		};
/* End PBXCopyFilesBuildPhase section */

/* Begin PBXFileReference section */
		312649B12771251100AE4F6B /* driver.hpp */ = {isa = PBXFileReference; explicitFileType = sourcecode.cpp.h; name = driver.hpp; path = /Users/prh/Keepers/code/cpp/sorts/driver/driver.hpp; sourceTree = "<absolute>"; };
		31539B4E275F7DE200CED899 /* heap.cpp */ = {isa = PBXFileReference; lastKnownFileType = sourcecode.cpp.cpp; name = heap.cpp; path = ../../algoritnms/heap.cpp; sourceTree = "<group>"; };
		31539B4F275F7DE200CED899 /* heap.hpp */ = {isa = PBXFileReference; lastKnownFileType = sourcecode.cpp.h; name = heap.hpp; path = ../../algoritnms/heap.hpp; sourceTree = "<group>"; };
		315AB89A27656A0300BE3038 /* stl.cpp */ = {isa = PBXFileReference; lastKnownFileType = sourcecode.cpp.cpp; name = stl.cpp; path = ../../algoritnms/stl.cpp; sourceTree = "<group>"; };
		315AB89B27656A0300BE3038 /* stl.hpp */ = {isa = PBXFileReference; lastKnownFileType = sourcecode.cpp.h; name = stl.hpp; path = ../../algoritnms/stl.hpp; sourceTree = "<group>"; };
		316DCEBD275ECDE000F667D0 /* selection.cpp */ = {isa = PBXFileReference; lastKnownFileType = sourcecode.cpp.cpp; name = selection.cpp; path = ../../algoritnms/selection.cpp; sourceTree = "<group>"; };
		316DCEBE275ECDE000F667D0 /* selection.hpp */ = {isa = PBXFileReference; lastKnownFileType = sourcecode.cpp.h; name = selection.hpp; path = ../../algoritnms/selection.hpp; sourceTree = "<group>"; };
		31821A10275B0E6000F85B97 /* insertion.cpp */ = {isa = PBXFileReference; lastKnownFileType = sourcecode.cpp.cpp; name = insertion.cpp; path = ../../algoritnms/insertion.cpp; sourceTree = "<group>"; };
		31821A11275B0E6000F85B97 /* insertion.hpp */ = {isa = PBXFileReference; lastKnownFileType = sourcecode.cpp.h; name = insertion.hpp; path = ../../algoritnms/insertion.hpp; sourceTree = "<group>"; };
		31821A13275B117E00F85B97 /* verifyarray.cpp */ = {isa = PBXFileReference; fileEncoding = 4; lastKnownFileType = sourcecode.cpp.cpp; path = verifyarray.cpp; sourceTree = "<group>"; };
		31821A14275B117E00F85B97 /* arrayout.hpp */ = {isa = PBXFileReference; fileEncoding = 4; lastKnownFileType = sourcecode.cpp.h; path = arrayout.hpp; sourceTree = "<group>"; };
		31821A15275B117E00F85B97 /* verifyarray.hpp */ = {isa = PBXFileReference; fileEncoding = 4; lastKnownFileType = sourcecode.cpp.h; path = verifyarray.hpp; sourceTree = "<group>"; };
		31821A17275B117E00F85B97 /* arrayout.cpp */ = {isa = PBXFileReference; fileEncoding = 4; lastKnownFileType = sourcecode.cpp.cpp; path = arrayout.cpp; sourceTree = "<group>"; };
		31821A18275B117E00F85B97 /* writeout.cpp */ = {isa = PBXFileReference; fileEncoding = 4; lastKnownFileType = sourcecode.cpp.cpp; path = writeout.cpp; sourceTree = "<group>"; };
		31821A1A275B117E00F85B97 /* writeout.hpp */ = {isa = PBXFileReference; fileEncoding = 4; lastKnownFileType = sourcecode.cpp.h; path = writeout.hpp; sourceTree = "<group>"; };
		31A4E65C275BE9C9005F9792 /* shell.cpp */ = {isa = PBXFileReference; lastKnownFileType = sourcecode.cpp.cpp; name = shell.cpp; path = ../../algoritnms/shell.cpp; sourceTree = "<group>"; };
		31A4E65D275BE9C9005F9792 /* shell.hpp */ = {isa = PBXFileReference; lastKnownFileType = sourcecode.cpp.h; name = shell.hpp; path = ../../algoritnms/shell.hpp; sourceTree = "<group>"; };
		31B01A43275C7F1800C8E694 /* quick.cpp */ = {isa = PBXFileReference; lastKnownFileType = sourcecode.cpp.cpp; name = quick.cpp; path = ../../algoritnms/quick.cpp; sourceTree = "<group>"; };
		31B01A44275C7F1800C8E694 /* quick.hpp */ = {isa = PBXFileReference; lastKnownFileType = sourcecode.cpp.h; name = quick.hpp; path = ../../algoritnms/quick.hpp; sourceTree = "<group>"; };
		31B570A5275ED4C500BA91FC /* bubble.cpp */ = {isa = PBXFileReference; lastKnownFileType = sourcecode.cpp.cpp; name = bubble.cpp; path = ../../algoritnms/bubble.cpp; sourceTree = "<group>"; };
		31B570A6275ED4C500BA91FC /* bubble.hpp */ = {isa = PBXFileReference; lastKnownFileType = sourcecode.cpp.h; name = bubble.hpp; path = ../../algoritnms/bubble.hpp; sourceTree = "<group>"; };
		31B570AB275EE38000BA91FC /* merge.hpp */ = {isa = PBXFileReference; lastKnownFileType = sourcecode.cpp.h; path = merge.hpp; sourceTree = "<group>"; };
		31B570AC275EE38A00BA91FC /* merge.cpp */ = {isa = PBXFileReference; lastKnownFileType = sourcecode.cpp.cpp; path = merge.cpp; sourceTree = "<group>"; };
		31C70630275B06EB00F3286A /* driver */ = {isa = PBXFileReference; explicitFileType = "compiled.mach-o.executable"; includeInIndex = 0; path = driver; sourceTree = BUILT_PRODUCTS_DIR; };
		31C70633275B06EB00F3286A /* driver.cpp */ = {isa = PBXFileReference; lastKnownFileType = sourcecode.cpp.cpp; path = driver.cpp; sourceTree = "<group>"; };
		31D57543276196D80021A4FF /* formattime.cpp */ = {isa = PBXFileReference; lastKnownFileType = sourcecode.cpp.cpp; name = formattime.cpp; path = ../../headers/formattime.cpp; sourceTree = "<group>"; };
		31D57544276196D80021A4FF /* formattime.hpp */ = {isa = PBXFileReference; lastKnownFileType = sourcecode.cpp.h; name = formattime.hpp; path = ../../headers/formattime.hpp; sourceTree = "<group>"; };
		31EBB603276AEB8A0040B0EB /* radixc.cpp */ = {isa = PBXFileReference; lastKnownFileType = sourcecode.cpp.cpp; path = radixc.cpp; sourceTree = "<group>"; };
		31EBB604276AEB8A0040B0EB /* radixc.hpp */ = {isa = PBXFileReference; lastKnownFileType = sourcecode.cpp.h; path = radixc.hpp; sourceTree = "<group>"; };
		31FB8F022768C09400FA8E2E /* radixsort.cpp */ = {isa = PBXFileReference; lastKnownFileType = sourcecode.cpp.cpp; name = radixsort.cpp; path = ../../algoritnms/radixsort.cpp; sourceTree = "<group>"; };
		31FB8F032768C09400FA8E2E /* radixsort.hpp */ = {isa = PBXFileReference; lastKnownFileType = sourcecode.cpp.h; name = radixsort.hpp; path = ../../algoritnms/radixsort.hpp; sourceTree = "<group>"; };
/* End PBXFileReference section */

/* Begin PBXFrameworksBuildPhase section */
		31C7062D275B06EB00F3286A /* Frameworks */ = {
			isa = PBXFrameworksBuildPhase;
			buildActionMask = 2147483647;
			files = (
			);
			runOnlyForDeploymentPostprocessing = 0;
		};
/* End PBXFrameworksBuildPhase section */

/* Begin PBXGroup section */
		31C70627275B06EB00F3286A = {
			isa = PBXGroup;
			children = (
				31C70633275B06EB00F3286A /* driver.cpp */,
				312649B12771251100AE4F6B /* driver.hpp */,
				31C70632275B06EB00F3286A /* driver */,
				31C70631275B06EB00F3286A /* Products */,
			);
			sourceTree = "<group>";
		};
		31C70631275B06EB00F3286A /* Products */ = {
			isa = PBXGroup;
			children = (
				31C70630275B06EB00F3286A /* driver */,
			);
			name = Products;
			sourceTree = "<group>";
		};
		31C70632275B06EB00F3286A /* driver */ = {
			isa = PBXGroup;
			children = (
				31821A17275B117E00F85B97 /* arrayout.cpp */,
				31821A14275B117E00F85B97 /* arrayout.hpp */,
				31B570A5275ED4C500BA91FC /* bubble.cpp */,
				31B570A6275ED4C500BA91FC /* bubble.hpp */,
				31D57543276196D80021A4FF /* formattime.cpp */,
				31D57544276196D80021A4FF /* formattime.hpp */,
				31539B4E275F7DE200CED899 /* heap.cpp */,
				31539B4F275F7DE200CED899 /* heap.hpp */,
				31821A10275B0E6000F85B97 /* insertion.cpp */,
				31821A11275B0E6000F85B97 /* insertion.hpp */,
				31FB8F022768C09400FA8E2E /* radixsort.cpp */,
				31FB8F032768C09400FA8E2E /* radixsort.hpp */,
				31EBB603276AEB8A0040B0EB /* radixc.cpp */,
				31EBB604276AEB8A0040B0EB /* radixc.hpp */,
				315AB89A27656A0300BE3038 /* stl.cpp */,
				315AB89B27656A0300BE3038 /* stl.hpp */,
				31B570AC275EE38A00BA91FC /* merge.cpp */,
				31B570AB275EE38000BA91FC /* merge.hpp */,
				31B01A43275C7F1800C8E694 /* quick.cpp */,
				31B01A44275C7F1800C8E694 /* quick.hpp */,
				316DCEBD275ECDE000F667D0 /* selection.cpp */,
				316DCEBE275ECDE000F667D0 /* selection.hpp */,
				31A4E65C275BE9C9005F9792 /* shell.cpp */,
				31A4E65D275BE9C9005F9792 /* shell.hpp */,
				31821A13275B117E00F85B97 /* verifyarray.cpp */,
				31821A15275B117E00F85B97 /* verifyarray.hpp */,
				31821A18275B117E00F85B97 /* writeout.cpp */,
				31821A1A275B117E00F85B97 /* writeout.hpp */,
			);
			path = driver;
			sourceTree = "<group>";
		};
/* End PBXGroup section */

/* Begin PBXNativeTarget section */
		31C7062F275B06EB00F3286A /* driver */ = {
			isa = PBXNativeTarget;
			buildConfigurationList = 31C70637275B06EB00F3286A /* Build configuration list for PBXNativeTarget "driver" */;
			buildPhases = (
				31C7062C275B06EB00F3286A /* Sources */,
				31C7062D275B06EB00F3286A /* Frameworks */,
				31C7062E275B06EB00F3286A /* CopyFiles */,
			);
			buildRules = (
			);
			dependencies = (
			);
			name = driver;
			productName = driver;
			productReference = 31C70630275B06EB00F3286A /* driver */;
			productType = "com.apple.product-type.tool";
		};
/* End PBXNativeTarget section */

/* Begin PBXProject section */
		31C70628275B06EB00F3286A /* Project object */ = {
			isa = PBXProject;
			attributes = {
				BuildIndependentTargetsInParallel = 1;
				LastUpgradeCheck = 1300;
				TargetAttributes = {
					31C7062F275B06EB00F3286A = {
						CreatedOnToolsVersion = 13.0;
					};
				};
			};
			buildConfigurationList = 31C7062B275B06EB00F3286A /* Build configuration list for PBXProject "driver" */;
			compatibilityVersion = "Xcode 13.0";
			developmentRegion = en;
			hasScannedForEncodings = 0;
			knownRegions = (
				en,
				Base,
			);
			mainGroup = 31C70627275B06EB00F3286A;
			productRefGroup = 31C70631275B06EB00F3286A /* Products */;
			projectDirPath = "";
			projectRoot = "";
			targets = (
				31C7062F275B06EB00F3286A /* driver */,
			);
		};
/* End PBXProject section */

/* Begin PBXSourcesBuildPhase section */
		31C7062C275B06EB00F3286A /* Sources */ = {
			isa = PBXSourcesBuildPhase;
			buildActionMask = 2147483647;
			files = (
				31A4E65E275BE9C9005F9792 /* shell.cpp in Sources */,
				31D57545276196D80021A4FF /* formattime.cpp in Sources */,
				31B570A7275ED4C500BA91FC /* bubble.cpp in Sources */,
				31821A1B275B117E00F85B97 /* verifyarray.cpp in Sources */,
				31821A1D275B117E00F85B97 /* arrayout.cpp in Sources */,
				31B570AD275EE38A00BA91FC /* merge.cpp in Sources */,
				31C70634275B06EB00F3286A /* driver.cpp in Sources */,
				315AB89C27656A0300BE3038 /* stl.cpp in Sources */,
				31EBB605276AEB8A0040B0EB /* radixc.cpp in Sources */,
				31FB8F042768C09400FA8E2E /* radixsort.cpp in Sources */,
				31539B50275F7DE200CED899 /* heap.cpp in Sources */,
				31B01A45275C7F1800C8E694 /* quick.cpp in Sources */,
				316DCEBF275ECDE000F667D0 /* selection.cpp in Sources */,
				31821A1E275B117E00F85B97 /* writeout.cpp in Sources */,
				31821A12275B0E6000F85B97 /* insertion.cpp in Sources */,
			);
			runOnlyForDeploymentPostprocessing = 0;
		};
/* End PBXSourcesBuildPhase section */

/* Begin XCBuildConfiguration section */
		31C70635275B06EB00F3286A /* Debug */ = {
			isa = XCBuildConfiguration;
			buildSettings = {
				ALWAYS_SEARCH_USER_PATHS = NO;
				CLANG_ANALYZER_NONNULL = YES;
				CLANG_ANALYZER_NUMBER_OBJECT_CONVERSION = YES_AGGRESSIVE;
				CLANG_CXX_LANGUAGE_STANDARD = "gnu++17";
				CLANG_CXX_LIBRARY = "libc++";
				CLANG_ENABLE_MODULES = YES;
				CLANG_ENABLE_OBJC_ARC = YES;
				CLANG_ENABLE_OBJC_WEAK = YES;
				CLANG_WARN_BLOCK_CAPTURE_AUTORELEASING = YES;
				CLANG_WARN_BOOL_CONVERSION = YES;
				CLANG_WARN_COMMA = YES;
				CLANG_WARN_CONSTANT_CONVERSION = YES;
				CLANG_WARN_DEPRECATED_OBJC_IMPLEMENTATIONS = YES;
				CLANG_WARN_DIRECT_OBJC_ISA_USAGE = YES_ERROR;
				CLANG_WARN_DOCUMENTATION_COMMENTS = YES;
				CLANG_WARN_EMPTY_BODY = YES;
				CLANG_WARN_ENUM_CONVERSION = YES;
				CLANG_WARN_INFINITE_RECURSION = YES;
				CLANG_WARN_INT_CONVERSION = YES;
				CLANG_WARN_NON_LITERAL_NULL_CONVERSION = YES;
				CLANG_WARN_OBJC_IMPLICIT_RETAIN_SELF = YES;
				CLANG_WARN_OBJC_LITERAL_CONVERSION = YES;
				CLANG_WARN_OBJC_ROOT_CLASS = YES_ERROR;
				CLANG_WARN_QUOTED_INCLUDE_IN_FRAMEWORK_HEADER = YES;
				CLANG_WARN_RANGE_LOOP_ANALYSIS = YES;
				CLANG_WARN_STRICT_PROTOTYPES = YES;
				CLANG_WARN_SUSPICIOUS_MOVE = YES;
				CLANG_WARN_UNGUARDED_AVAILABILITY = YES_AGGRESSIVE;
				CLANG_WARN_UNREACHABLE_CODE = YES;
				CLANG_WARN__DUPLICATE_METHOD_MATCH = YES;
				COPY_PHASE_STRIP = NO;
				DEBUG_INFORMATION_FORMAT = dwarf;
				ENABLE_NS_ASSERTIONS = YES;
				ENABLE_STRICT_OBJC_MSGSEND = YES;
				ENABLE_TESTABILITY = YES;
				GCC_C_LANGUAGE_STANDARD = gnu11;
				GCC_DYNAMIC_NO_PIC = NO;
				GCC_NO_COMMON_BLOCKS = YES;
				GCC_OPTIMIZATION_LEVEL = 0;
				GCC_PREPROCESSOR_DEFINITIONS = (
					"DEBUG=1",
					"$(inherited)",
				);
				GCC_WARN_64_TO_32_BIT_CONVERSION = YES;
				GCC_WARN_ABOUT_RETURN_TYPE = YES_ERROR;
				GCC_WARN_UNDECLARED_SELECTOR = YES;
				GCC_WARN_UNINITIALIZED_AUTOS = YES_AGGRESSIVE;
				GCC_WARN_UNUSED_FUNCTION = YES;
				GCC_WARN_UNUSED_VARIABLE = YES;
				HEADER_SEARCH_PATHS = "/Users/prh/Keepers/code/cpp/sorts/driver/driver.xcodeproj/**";
				MACOSX_DEPLOYMENT_TARGET = 12.0;
				MTL_ENABLE_DEBUG_INFO = INCLUDE_SOURCE;
				MTL_FAST_MATH = YES;
				ONLY_ACTIVE_ARCH = YES;
				SDKROOT = macosx;
				USER_HEADER_SEARCH_PATHS = (
					"/Users/prh/Keepers/code/cpp/sorts/algorithms/**",
					"/Users/prh/Keepers/code/cpp/sorts/headers/**",
					"/Users/prh/boost_1_77_0/**",
				);
			};
			name = Debug;
		};
		31C70636275B06EB00F3286A /* Release */ = {
			isa = XCBuildConfiguration;
			buildSettings = {
				ALWAYS_SEARCH_USER_PATHS = NO;
				CLANG_ANALYZER_NONNULL = YES;
				CLANG_ANALYZER_NUMBER_OBJECT_CONVERSION = YES_AGGRESSIVE;
				CLANG_CXX_LANGUAGE_STANDARD = "gnu++17";
				CLANG_CXX_LIBRARY = "libc++";
				CLANG_ENABLE_MODULES = YES;
				CLANG_ENABLE_OBJC_ARC = YES;
				CLANG_ENABLE_OBJC_WEAK = YES;
				CLANG_WARN_BLOCK_CAPTURE_AUTORELEASING = YES;
				CLANG_WARN_BOOL_CONVERSION = YES;
				CLANG_WARN_COMMA = YES;
				CLANG_WARN_CONSTANT_CONVERSION = YES;
				CLANG_WARN_DEPRECATED_OBJC_IMPLEMENTATIONS = YES;
				CLANG_WARN_DIRECT_OBJC_ISA_USAGE = YES_ERROR;
				CLANG_WARN_DOCUMENTATION_COMMENTS = YES;
				CLANG_WARN_EMPTY_BODY = YES;
				CLANG_WARN_ENUM_CONVERSION = YES;
				CLANG_WARN_INFINITE_RECURSION = YES;
				CLANG_WARN_INT_CONVERSION = YES;
				CLANG_WARN_NON_LITERAL_NULL_CONVERSION = YES;
				CLANG_WARN_OBJC_IMPLICIT_RETAIN_SELF = YES;
				CLANG_WARN_OBJC_LITERAL_CONVERSION = YES;
				CLANG_WARN_OBJC_ROOT_CLASS = YES_ERROR;
				CLANG_WARN_QUOTED_INCLUDE_IN_FRAMEWORK_HEADER = YES;
				CLANG_WARN_RANGE_LOOP_ANALYSIS = YES;
				CLANG_WARN_STRICT_PROTOTYPES = YES;
				CLANG_WARN_SUSPICIOUS_MOVE = YES;
				CLANG_WARN_UNGUARDED_AVAILABILITY = YES_AGGRESSIVE;
				CLANG_WARN_UNREACHABLE_CODE = YES;
				CLANG_WARN__DUPLICATE_METHOD_MATCH = YES;
				COPY_PHASE_STRIP = NO;
				DEBUG_INFORMATION_FORMAT = "dwarf-with-dsym";
				ENABLE_NS_ASSERTIONS = YES;
				ENABLE_STRICT_OBJC_MSGSEND = YES;
				GCC_C_LANGUAGE_STANDARD = gnu11;
				GCC_NO_COMMON_BLOCKS = YES;
				GCC_WARN_64_TO_32_BIT_CONVERSION = YES;
				GCC_WARN_ABOUT_RETURN_TYPE = YES_ERROR;
				GCC_WARN_UNDECLARED_SELECTOR = YES;
				GCC_WARN_UNINITIALIZED_AUTOS = YES_AGGRESSIVE;
				GCC_WARN_UNUSED_FUNCTION = YES;
				GCC_WARN_UNUSED_VARIABLE = YES;
				MACOSX_DEPLOYMENT_TARGET = 12.0;
				MTL_ENABLE_DEBUG_INFO = NO;
				MTL_FAST_MATH = YES;
				SDKROOT = macosx;
				USER_HEADER_SEARCH_PATHS = (
					"/Users/prh/Keepers/code/cpp/sorts/algorithms/**",
					"/Users/prh/Keepers/code/cpp/sorts/headers/**",
					"/Users/prh/boost_1_77_0/**",
				);
			};
			name = Release;
		};
		31C70638275B06EB00F3286A /* Debug */ = {
			isa = XCBuildConfiguration;
			buildSettings = {
				CODE_SIGN_STYLE = Automatic;
				DEVELOPMENT_TEAM = SD648P3Y6K;
				ENABLE_HARDENED_RUNTIME = YES;
				PRODUCT_NAME = "$(TARGET_NAME)";
			};
			name = Debug;
		};
		31C70639275B06EB00F3286A /* Release */ = {
			isa = XCBuildConfiguration;
			buildSettings = {
				CODE_SIGN_STYLE = Automatic;
				DEVELOPMENT_TEAM = SD648P3Y6K;
				ENABLE_HARDENED_RUNTIME = YES;
				PRODUCT_NAME = "$(TARGET_NAME)";
			};
			name = Release;
		};
/* End XCBuildConfiguration section */

/* Begin XCConfigurationList section */
		31C7062B275B06EB00F3286A /* Build configuration list for PBXProject "driver" */ = {
			isa = XCConfigurationList;
			buildConfigurations = (
				31C70635275B06EB00F3286A /* Debug */,
				31C70636275B06EB00F3286A /* Release */,
			);
			defaultConfigurationIsVisible = 0;
			defaultConfigurationName = Release;
		};
		31C70637275B06EB00F3286A /* Build configuration list for PBXNativeTarget "driver" */ = {
			isa = XCConfigurationList;
			buildConfigurations = (
				31C70638275B06EB00F3286A /* Debug */,
				31C70639275B06EB00F3286A /* Release */,
			);
			defaultConfigurationIsVisible = 0;
			defaultConfigurationName = Release;
		};
/* End XCConfigurationList section */
	};
	rootObject = 31C70628275B06EB00F3286A /* Project object */;
}
